{
  "name": "secretsustainabilityproject",
  "lockfileVersion": 2,
  "requires": true,
  "packages": {
    "": {
      "dependencies": {
        "move": "^0.4.9"
      }
    },
    "node_modules/move": {
      "version": "0.4.9",
      "resolved": "https://registry.npmjs.org/move/-/move-0.4.9.tgz",
      "integrity": "sha512-XMQDRk+8Pvox2FPIMOqNztW25i89vI9E5Yo+BcrQoGcRC6RdNpudL9SxdktUSoRettaOPzO4xub1VvdfOFUoUg==",
      "dependencies": {
        "uglify-js": "==1.3.4"
      },
      "bin": {
        "move": "bin/move"
      },
      "engines": {
        "node": ">=0.8"
      }
    },
    "node_modules/uglify-js": {
      "version": "1.3.4",
      "resolved": "https://registry.npmjs.org/uglify-js/-/uglify-js-1.3.4.tgz",
      "integrity": "sha512-96JciwD63/XR0T3oOe9Pob8ne9dfVjYO66yvZdXKD4mdKWwipVcn7pFBy9RDIJ/L4/3oOXox/F4VHbK3anhOpQ==",
      "bin": {
        "uglifyjs": "bin/uglifyjs"
      }
    }
  },
  "dependencies": {
    "move": {
      "version": "0.4.9",
      "resolved": "https://registry.npmjs.org/move/-/move-0.4.9.tgz",
      "integrity": "sha512-XMQDRk+8Pvox2FPIMOqNztW25i89vI9E5Yo+BcrQoGcRC6RdNpudL9SxdktUSoRettaOPzO4xub1VvdfOFUoUg==",
      "requires": {
        "uglify-js": "==1.3.4"
      }
    },
    "uglify-js": {
      "version": "1.3.4",
      "resolved": "https://registry.npmjs.org/uglify-js/-/uglify-js-1.3.4.tgz",
      "integrity": "sha512-96JciwD63/XR0T3oOe9Pob8ne9dfVjYO66yvZdXKD4mdKWwipVcn7pFBy9RDIJ/L4/3oOXox/F4VHbK3anhOpQ=="
    }
  }
}
